
Microsoft Visual Studio Solution File, Format Version 12.00
# Visual Studio 15
VisualStudioVersion = 15.0.36101.20
MinimumVisualStudioVersion = 10.0.40219.1
Project("{F184B08F-C81C-45F6-A57F-5ABD9991F28F}") = "Tax PDF to Excel", "Tax PDF to Excel\Tax PDF to Excel.vbproj", "{7FD82862-2D7C-42A3-98ED-81EDB7376CC8}"
EndProject
Global
	GlobalSection(SolutionConfigurationPlatforms) = preSolution
		Debug|Any CPU = Debug|Any CPU
		Release|Any CPU = Release|Any CPU
	EndGlobalSection
	GlobalSection(ProjectConfigurationPlatforms) = postSolution
		{7FD82862-2D7C-42A3-98ED-81EDB7376CC8}.Debug|Any CPU.ActiveCfg = Debug|Any CPU
		{7FD82862-2D7C-42A3-98ED-81EDB7376CC8}.Debug|Any CPU.Build.0 = Debug|Any CPU
		{7FD82862-2D7C-42A3-98ED-81EDB7376CC8}.Release|Any CPU.ActiveCfg = Release|Any CPU
		{7FD82862-2D7C-42A3-98ED-81EDB7376CC8}.Release|Any CPU.Build.0 = Release|Any CPU
	EndGlobalSection
	GlobalSection(SolutionProperties) = preSolution
		HideSolutionNode = FALSE
	EndGlobalSection
	GlobalSection(ExtensibilityGlobals) = postSolution
		SolutionGuid = {CC5F6F29-A32D-4EDD-9AFD-6A37D95BE48A}
	EndGlobalSection
EndGlobal
